<?xml version="1.0" encoding="utf-8"?>
<Project ToolsVersion="4.0" xmlns="http://schemas.microsoft.com/developer/msbuild/2003">
  <ItemGroup>
    <Filter Include="decdynlib">
      <UniqueIdentifier>{0dd618d0-1ca1-47d3-940a-b71c3b35f9ff}</UniqueIdentifier>
    </Filter>
  </ItemGroup>
  <ItemGroup>
    <ClInclude Include="decdynlib\export_map.hpp">
      <Filter>decdynlib</Filter>
    </ClInclude>
    <ClInclude Include="decdynlib\ordinal_export.hpp">
      <Filter>decdynlib</Filter>
    </ClInclude>
    <ClInclude Include="decdynlib\string_export.hpp">
      <Filter>decdynlib</Filter>
    </ClInclude>
    <ClInclude Include="basic_library.hpp" />
    <ClInclude Include="win32_library.hpp" />
  </ItemGroup>
  <ItemGroup>
    <ClCompile Include="win32_library.cpp" />
  </ItemGroup>
</Project>